
Microsoft Visual Studio Solution File, Format Version 12.00
# Visual Studio Version 16
VisualStudioVersion = 16.0.32510.428
MinimumVisualStudioVersion = 10.0.40219.1
Project("{FAE04EC0-301F-11D3-BF4B-00C04F79EFBC}") = "6 iyun", "6 iyun.csproj", "{582DDD33-9CA9-44C7-9D46-33866CA199C9}"
EndProject
Global
	GlobalSection(SolutionConfigurationPlatforms) = preSolution
		Debug|Any CPU = Debug|Any CPU
		Release|Any CPU = Release|Any CPU
	EndGlobalSection
	GlobalSection(ProjectConfigurationPlatforms) = postSolution
		{582DDD33-9CA9-44C7-9D46-33866CA199C9}.Debug|Any CPU.ActiveCfg = Debug|Any CPU
		{582DDD33-9CA9-44C7-9D46-33866CA199C9}.Debug|Any CPU.Build.0 = Debug|Any CPU
		{582DDD33-9CA9-44C7-9D46-33866CA199C9}.Release|Any CPU.ActiveCfg = Release|Any CPU
		{582DDD33-9CA9-44C7-9D46-33866CA199C9}.Release|Any CPU.Build.0 = Release|Any CPU
	EndGlobalSection
	GlobalSection(SolutionProperties) = preSolution
		HideSolutionNode = FALSE
	EndGlobalSection
	GlobalSection(ExtensibilityGlobals) = postSolution
		SolutionGuid = {B83392B1-1B31-44DB-9DE6-86A2BAF0D2AD}
	EndGlobalSection
EndGlobal
